
Microsoft Visual Studio Solution File, Format Version 12.00
# Visual Studio Version 17
VisualStudioVersion = 17.4.33110.190
MinimumVisualStudioVersion = 10.0.40219.1
Project("{FAE04EC0-301F-11D3-BF4B-00C04F79EFBC}") = "Lab OOP 00B", "Lab OOP 00B\Lab OOP 00B.csproj", "{66501385-C503-437A-80D2-D18AF56D5DA1}"
EndProject
Global
	GlobalSection(SolutionConfigurationPlatforms) = preSolution
		Debug|Any CPU = Debug|Any CPU
		Release|Any CPU = Release|Any CPU
	EndGlobalSection
	GlobalSection(ProjectConfigurationPlatforms) = postSolution
		{66501385-C503-437A-80D2-D18AF56D5DA1}.Debug|Any CPU.ActiveCfg = Debug|Any CPU
		{66501385-C503-437A-80D2-D18AF56D5DA1}.Debug|Any CPU.Build.0 = Debug|Any CPU
		{66501385-C503-437A-80D2-D18AF56D5DA1}.Release|Any CPU.ActiveCfg = Release|Any CPU
		{66501385-C503-437A-80D2-D18AF56D5DA1}.Release|Any CPU.Build.0 = Release|Any CPU
	EndGlobalSection
	GlobalSection(SolutionProperties) = preSolution
		HideSolutionNode = FALSE
	EndGlobalSection
	GlobalSection(ExtensibilityGlobals) = postSolution
		SolutionGuid = {EB8DE163-F8F3-44BD-9B6C-776B4809D744}
	EndGlobalSection
EndGlobal
